Microsoft Visual Studio Solution File, Format Version 12.00
# Visual Studio Version 17
VisualStudioVersion = 17.5.2.0
MinimumVisualStudioVersion = 10.0.40219.1
Project("{FAE04EC0-301F-11D3-BF4B-00C04F79EFBC}") = "Nascore", "Nascore.csproj", "{6F81A0ED-9C1D-6C09-9D2A-337E411DBC6A}"
EndProject
Global
	GlobalSection(SolutionConfigurationPlatforms) = preSolution
		Debug|Any CPU = Debug|Any CPU
		Release|Any CPU = Release|Any CPU
	EndGlobalSection
	GlobalSection(ProjectConfigurationPlatforms) = postSolution
		{6F81A0ED-9C1D-6C09-9D2A-337E411DBC6A}.Debug|Any CPU.ActiveCfg = Debug|Any CPU
		{6F81A0ED-9C1D-6C09-9D2A-337E411DBC6A}.Debug|Any CPU.Build.0 = Debug|Any CPU
		{6F81A0ED-9C1D-6C09-9D2A-337E411DBC6A}.Release|Any CPU.ActiveCfg = Release|Any CPU
		{6F81A0ED-9C1D-6C09-9D2A-337E411DBC6A}.Release|Any CPU.Build.0 = Release|Any CPU
	EndGlobalSection
	GlobalSection(SolutionProperties) = preSolution
		HideSolutionNode = FALSE
	EndGlobalSection
	GlobalSection(ExtensibilityGlobals) = postSolution
		SolutionGuid = {B66DCDF8-3BB6-4B5A-83B1-024A8512513D}
	EndGlobalSection
EndGlobal
